// !$*UTF8*$!
{
	archiveVersion = 1;
	classes = {
	};
	objectVersion = 77;
	objects = {

/* Begin PBXBuildFile section */
		04B239E1B5A4B1B1A0A4F9FE /* GameScene+Drag.swift in Sources */ = {isa = PBXBuildFile; fileRef = 910611900C22A90ABA3AD39C /* GameScene+Drag.swift */; };
		0611C572EC566BEA264B7253 /* ColorPalette.swift in Sources */ = {isa = PBXBuildFile; fileRef = BD1A1FCA2B3DB970CB3C0BC5 /* ColorPalette.swift */; };
		1148E1D68DF72EE96680D568 /* GameGridTests.swift in Sources */ = {isa = PBXBuildFile; fileRef = 0846A50B97851D86162A5EF4 /* GameGridTests.swift */; };
		1F18C33C3E23EEA4037EE362 /* AdManager.swift in Sources */ = {isa = PBXBuildFile; fileRef = 8E80716DE0EB80AA5150515F /* AdManager.swift */; };
		228007F4F2B48C50684FF70A /* StuckOverlayNode.swift in Sources */ = {isa = PBXBuildFile; fileRef = 0B1174FDCD716B937F58F0EB /* StuckOverlayNode.swift */; };
		23EEF9AF6A3107764D71B94C /* GameGrid+Rescue.swift in Sources */ = {isa = PBXBuildFile; fileRef = D816CE888DF231575A0ED0A7 /* GameGrid+Rescue.swift */; };
		27118EDEFC84ABCBD0D5DA93 /* TrayNode.swift in Sources */ = {isa = PBXBuildFile; fileRef = 9E3EA25849416AF984EAB93F /* TrayNode.swift */; };
		308A7D7AC8EA4056FB5DC1FC /* LevelConfig.swift in Sources */ = {isa = PBXBuildFile; fileRef = 75E145D6BE223AAE60790CFB /* LevelConfig.swift */; };
		40A863EB4EF64C68FC4A3B97 /* GameViewController.swift in Sources */ = {isa = PBXBuildFile; fileRef = FAB93B253C343C0DF55CF8F7 /* GameViewController.swift */; };
		419BCC910AD9C89E30938343 /* LevelConfigTests.swift in Sources */ = {isa = PBXBuildFile; fileRef = 185D693E790C5B416F5945A2 /* LevelConfigTests.swift */; };
		5FBC4E46EEFBDB1D8FF81DD1 /* HUDNode.swift in Sources */ = {isa = PBXBuildFile; fileRef = AF7223634C6349F5C613A4C6 /* HUDNode.swift */; };
		653418CEB417257953DAFC98 /* GameState+Testing.swift in Sources */ = {isa = PBXBuildFile; fileRef = 39D282C834AC3EAF9853F061 /* GameState+Testing.swift */; };
		679BE94919D0998003CEA6EC /* Constants.swift in Sources */ = {isa = PBXBuildFile; fileRef = 9014BB68B29D870E21A6A2AF /* Constants.swift */; };
		6E83C188795AA075900A0794 /* PieceGeneratorTests.swift in Sources */ = {isa = PBXBuildFile; fileRef = 0AC1D96F173B399A4C90453A /* PieceGeneratorTests.swift */; };
		784A5A75FD27E70ED4A04B1C /* BlockPieceNode.swift in Sources */ = {isa = PBXBuildFile; fileRef = 6F8494AA11DDB2575D576787 /* BlockPieceNode.swift */; };
		820B2AFD0B1EA773741A4256 /* Assets.xcassets in Resources */ = {isa = PBXBuildFile; fileRef = D87DA87E54FFBACD98BF2E7A /* Assets.xcassets */; };
		85168297B8EEEC9108C4CCFF /* GameOverNode.swift in Sources */ = {isa = PBXBuildFile; fileRef = 7DB724276031D401E0600779 /* GameOverNode.swift */; };
		8B30C82224FCD6ACCE2E7D86 /* GameState.swift in Sources */ = {isa = PBXBuildFile; fileRef = 311CBE3377C971EDDC93000D /* GameState.swift */; };
		A1DB9D6B48025186613E5488 /* AppDelegate.swift in Sources */ = {isa = PBXBuildFile; fileRef = A2007C90746E9D63CA1DC0F9 /* AppDelegate.swift */; };
		A2802ADA29D423A7BA933DD6 /* BlockStyle.swift in Sources */ = {isa = PBXBuildFile; fileRef = F43A80D6ED114DD372A0EED2 /* BlockStyle.swift */; };
		A75A2CD09A3306D571E925CE /* GameScene.swift in Sources */ = {isa = PBXBuildFile; fileRef = 08969AA32FCA473C68E1D007 /* GameScene.swift */; };
		A9064337A8F36B67DCD73334 /* GameStateTests.swift in Sources */ = {isa = PBXBuildFile; fileRef = F95A1825C1FF0878A5472F8B /* GameStateTests.swift */; };
		AAD02A9F937266BF919FE116 /* BlockPiece.swift in Sources */ = {isa = PBXBuildFile; fileRef = 709E1C27091A186EEE1532A6 /* BlockPiece.swift */; };
		ABE6EF202E1C8AC797855112 /* GameScene+ClearAnimation.swift in Sources */ = {isa = PBXBuildFile; fileRef = A6A3370DE5174CD8C17FA994 /* GameScene+ClearAnimation.swift */; };
		BC2999C788E14DB4DB27C299 /* BlockPieceTests.swift in Sources */ = {isa = PBXBuildFile; fileRef = F2B6A67B11A24089FA6D33C3 /* BlockPieceTests.swift */; };
		BD4AE5F1B4EC8AFCF78CCFC4 /* GameGrid.swift in Sources */ = {isa = PBXBuildFile; fileRef = 4F65C04B2DD5E828714A2C78 /* GameGrid.swift */; };
		C5B4C2D552D15A1FC3102D5D /* AnimationFactory.swift in Sources */ = {isa = PBXBuildFile; fileRef = DF814BA4E7799E6030246527 /* AnimationFactory.swift */; };
		DBE3C76742A7D184FB79BE3B /* PieceGenerator.swift in Sources */ = {isa = PBXBuildFile; fileRef = 3E880A87BD3BCCEFB67A125C /* PieceGenerator.swift */; };
		EDD521AB8E11D5745E0C5784 /* GridNode.swift in Sources */ = {isa = PBXBuildFile; fileRef = 965D674BA4249DE862A98240 /* GridNode.swift */; };
		F22A939BD74191ED96D4856A /* SoundManager.swift in Sources */ = {isa = PBXBuildFile; fileRef = 64D6C28C78D748A348CC8EBD /* SoundManager.swift */; };
		FBB96CACC4F7327D96059225 /* Extensions.swift in Sources */ = {isa = PBXBuildFile; fileRef = 4B0DD2FA4A393D98ECB1A0AE /* Extensions.swift */; };
/* End PBXBuildFile section */

/* Begin PBXContainerItemProxy section */
		F864B9FC07C06995815CE45A /* PBXContainerItemProxy */ = {
			isa = PBXContainerItemProxy;
			containerPortal = 7F2CD4E443221495A97594F2 /* Project object */;
			proxyType = 1;
			remoteGlobalIDString = 7F521073F211626A36CD9136;
			remoteInfo = BlockPopper;
		};
/* End PBXContainerItemProxy section */

/* Begin PBXFileReference section */
		0846A50B97851D86162A5EF4 /* GameGridTests.swift */ = {isa = PBXFileReference; lastKnownFileType = sourcecode.swift; path = GameGridTests.swift; sourceTree = "<group>"; };
		08969AA32FCA473C68E1D007 /* GameScene.swift */ = {isa = PBXFileReference; lastKnownFileType = sourcecode.swift; path = GameScene.swift; sourceTree = "<group>"; };
		0AC1D96F173B399A4C90453A /* PieceGeneratorTests.swift */ = {isa = PBXFileReference; lastKnownFileType = sourcecode.swift; path = PieceGeneratorTests.swift; sourceTree = "<group>"; };
		0B1174FDCD716B937F58F0EB /* StuckOverlayNode.swift */ = {isa = PBXFileReference; lastKnownFileType = sourcecode.swift; path = StuckOverlayNode.swift; sourceTree = "<group>"; };
		185D693E790C5B416F5945A2 /* LevelConfigTests.swift */ = {isa = PBXFileReference; lastKnownFileType = sourcecode.swift; path = LevelConfigTests.swift; sourceTree = "<group>"; };
		203958A1D5F295E819291A49 /* BlockPopper.app */ = {isa = PBXFileReference; includeInIndex = 0; lastKnownFileType = wrapper.application; path = BlockPopper.app; sourceTree = BUILT_PRODUCTS_DIR; };
		311CBE3377C971EDDC93000D /* GameState.swift */ = {isa = PBXFileReference; lastKnownFileType = sourcecode.swift; path = GameState.swift; sourceTree = "<group>"; };
		39D282C834AC3EAF9853F061 /* GameState+Testing.swift */ = {isa = PBXFileReference; lastKnownFileType = sourcecode.swift; path = "GameState+Testing.swift"; sourceTree = "<group>"; };
		3E880A87BD3BCCEFB67A125C /* PieceGenerator.swift */ = {isa = PBXFileReference; lastKnownFileType = sourcecode.swift; path = PieceGenerator.swift; sourceTree = "<group>"; };
		420FFC4980670CAA955C177F /* BlockPopperTests.xctest */ = {isa = PBXFileReference; includeInIndex = 0; lastKnownFileType = wrapper.cfbundle; path = BlockPopperTests.xctest; sourceTree = BUILT_PRODUCTS_DIR; };
		4B0DD2FA4A393D98ECB1A0AE /* Extensions.swift */ = {isa = PBXFileReference; lastKnownFileType = sourcecode.swift; path = Extensions.swift; sourceTree = "<group>"; };
		4F65C04B2DD5E828714A2C78 /* GameGrid.swift */ = {isa = PBXFileReference; lastKnownFileType = sourcecode.swift; path = GameGrid.swift; sourceTree = "<group>"; };
		64D6C28C78D748A348CC8EBD /* SoundManager.swift */ = {isa = PBXFileReference; lastKnownFileType = sourcecode.swift; path = SoundManager.swift; sourceTree = "<group>"; };
		6F8494AA11DDB2575D576787 /* BlockPieceNode.swift */ = {isa = PBXFileReference; lastKnownFileType = sourcecode.swift; path = BlockPieceNode.swift; sourceTree = "<group>"; };
		709E1C27091A186EEE1532A6 /* BlockPiece.swift */ = {isa = PBXFileReference; lastKnownFileType = sourcecode.swift; path = BlockPiece.swift; sourceTree = "<group>"; };
		75E145D6BE223AAE60790CFB /* LevelConfig.swift */ = {isa = PBXFileReference; lastKnownFileType = sourcecode.swift; path = LevelConfig.swift; sourceTree = "<group>"; };
		7DB724276031D401E0600779 /* GameOverNode.swift */ = {isa = PBXFileReference; lastKnownFileType = sourcecode.swift; path = GameOverNode.swift; sourceTree = "<group>"; };
		8E80716DE0EB80AA5150515F /* AdManager.swift */ = {isa = PBXFileReference; lastKnownFileType = sourcecode.swift; path = AdManager.swift; sourceTree = "<group>"; };
		9014BB68B29D870E21A6A2AF /* Constants.swift */ = {isa = PBXFileReference; lastKnownFileType = sourcecode.swift; path = Constants.swift; sourceTree = "<group>"; };
		910611900C22A90ABA3AD39C /* GameScene+Drag.swift */ = {isa = PBXFileReference; lastKnownFileType = sourcecode.swift; path = "GameScene+Drag.swift"; sourceTree = "<group>"; };
		965D674BA4249DE862A98240 /* GridNode.swift */ = {isa = PBXFileReference; lastKnownFileType = sourcecode.swift; path = GridNode.swift; sourceTree = "<group>"; };
		9E3EA25849416AF984EAB93F /* TrayNode.swift */ = {isa = PBXFileReference; lastKnownFileType = sourcecode.swift; path = TrayNode.swift; sourceTree = "<group>"; };
		A2007C90746E9D63CA1DC0F9 /* AppDelegate.swift */ = {isa = PBXFileReference; lastKnownFileType = sourcecode.swift; path = AppDelegate.swift; sourceTree = "<group>"; };
		A6A3370DE5174CD8C17FA994 /* GameScene+ClearAnimation.swift */ = {isa = PBXFileReference; lastKnownFileType = sourcecode.swift; path = "GameScene+ClearAnimation.swift"; sourceTree = "<group>"; };
		AF7223634C6349F5C613A4C6 /* HUDNode.swift */ = {isa = PBXFileReference; lastKnownFileType = sourcecode.swift; path = HUDNode.swift; sourceTree = "<group>"; };
		BD1A1FCA2B3DB970CB3C0BC5 /* ColorPalette.swift */ = {isa = PBXFileReference; lastKnownFileType = sourcecode.swift; path = ColorPalette.swift; sourceTree = "<group>"; };
		D816CE888DF231575A0ED0A7 /* GameGrid+Rescue.swift */ = {isa = PBXFileReference; lastKnownFileType = sourcecode.swift; path = "GameGrid+Rescue.swift"; sourceTree = "<group>"; };
		D87DA87E54FFBACD98BF2E7A /* Assets.xcassets */ = {isa = PBXFileReference; lastKnownFileType = folder.assetcatalog; path = Assets.xcassets; sourceTree = "<group>"; };
		DF814BA4E7799E6030246527 /* AnimationFactory.swift */ = {isa = PBXFileReference; lastKnownFileType = sourcecode.swift; path = AnimationFactory.swift; sourceTree = "<group>"; };
		F2B6A67B11A24089FA6D33C3 /* BlockPieceTests.swift */ = {isa = PBXFileReference; lastKnownFileType = sourcecode.swift; path = BlockPieceTests.swift; sourceTree = "<group>"; };
		F43A80D6ED114DD372A0EED2 /* BlockStyle.swift */ = {isa = PBXFileReference; lastKnownFileType = sourcecode.swift; path = BlockStyle.swift; sourceTree = "<group>"; };
		F95A1825C1FF0878A5472F8B /* GameStateTests.swift */ = {isa = PBXFileReference; lastKnownFileType = sourcecode.swift; path = GameStateTests.swift; sourceTree = "<group>"; };
		FAB93B253C343C0DF55CF8F7 /* GameViewController.swift */ = {isa = PBXFileReference; lastKnownFileType = sourcecode.swift; path = GameViewController.swift; sourceTree = "<group>"; };
		FD8973E702747ED96BBFD762 /* Info.plist */ = {isa = PBXFileReference; lastKnownFileType = text.plist; path = Info.plist; sourceTree = "<group>"; };
/* End PBXFileReference section */

/* Begin PBXGroup section */
		45CA4E7163FEB437584EE920 /* Model */ = {
			isa = PBXGroup;
			children = (
				709E1C27091A186EEE1532A6 /* BlockPiece.swift */,
				F43A80D6ED114DD372A0EED2 /* BlockStyle.swift */,
				4F65C04B2DD5E828714A2C78 /* GameGrid.swift */,
				D816CE888DF231575A0ED0A7 /* GameGrid+Rescue.swift */,
				311CBE3377C971EDDC93000D /* GameState.swift */,
				39D282C834AC3EAF9853F061 /* GameState+Testing.swift */,
				75E145D6BE223AAE60790CFB /* LevelConfig.swift */,
				3E880A87BD3BCCEFB67A125C /* PieceGenerator.swift */,
			);
			path = Model;
			sourceTree = "<group>";
		};
		49BB3853F3B3F6AF3AE6638D /* App */ = {
			isa = PBXGroup;
			children = (
				A2007C90746E9D63CA1DC0F9 /* AppDelegate.swift */,
				FAB93B253C343C0DF55CF8F7 /* GameViewController.swift */,
			);
			path = App;
			sourceTree = "<group>";
		};
		571A2C7DBD46791D7B9745E1 /* Helpers */ = {
			isa = PBXGroup;
			children = (
				BD1A1FCA2B3DB970CB3C0BC5 /* ColorPalette.swift */,
				9014BB68B29D870E21A6A2AF /* Constants.swift */,
				4B0DD2FA4A393D98ECB1A0AE /* Extensions.swift */,
				64D6C28C78D748A348CC8EBD /* SoundManager.swift */,
			);
			path = Helpers;
			sourceTree = "<group>";
		};
		672DCC99B5C3C95A8765663F /* Ads */ = {
			isa = PBXGroup;
			children = (
				8E80716DE0EB80AA5150515F /* AdManager.swift */,
			);
			path = Ads;
			sourceTree = "<group>";
		};
		96230F7B38D072FA0E6BE5F2 /* Scene */ = {
			isa = PBXGroup;
			children = (
				DF814BA4E7799E6030246527 /* AnimationFactory.swift */,
				6F8494AA11DDB2575D576787 /* BlockPieceNode.swift */,
				7DB724276031D401E0600779 /* GameOverNode.swift */,
				08969AA32FCA473C68E1D007 /* GameScene.swift */,
				A6A3370DE5174CD8C17FA994 /* GameScene+ClearAnimation.swift */,
				910611900C22A90ABA3AD39C /* GameScene+Drag.swift */,
				965D674BA4249DE862A98240 /* GridNode.swift */,
				AF7223634C6349F5C613A4C6 /* HUDNode.swift */,
				0B1174FDCD716B937F58F0EB /* StuckOverlayNode.swift */,
				9E3EA25849416AF984EAB93F /* TrayNode.swift */,
			);
			path = Scene;
			sourceTree = "<group>";
		};
		99B9331C8A4A5582F7CE15A0 /* BlockPopperTests */ = {
			isa = PBXGroup;
			children = (
				E347938506D368E498E2DC08 /* Model */,
			);
			path = BlockPopperTests;
			sourceTree = "<group>";
		};
		ABA4BFD690DC9531B1647F1D = {
			isa = PBXGroup;
			children = (
				FAE58C3CB520BCD97BBCEF7F /* BlockPopper */,
				99B9331C8A4A5582F7CE15A0 /* BlockPopperTests */,
				AF10C6ED59210608BBDFBD81 /* Products */,
			);
			sourceTree = "<group>";
		};
		AF10C6ED59210608BBDFBD81 /* Products */ = {
			isa = PBXGroup;
			children = (
				203958A1D5F295E819291A49 /* BlockPopper.app */,
				420FFC4980670CAA955C177F /* BlockPopperTests.xctest */,
			);
			name = Products;
			sourceTree = "<group>";
		};
		E347938506D368E498E2DC08 /* Model */ = {
			isa = PBXGroup;
			children = (
				F2B6A67B11A24089FA6D33C3 /* BlockPieceTests.swift */,
				0846A50B97851D86162A5EF4 /* GameGridTests.swift */,
				F95A1825C1FF0878A5472F8B /* GameStateTests.swift */,
				185D693E790C5B416F5945A2 /* LevelConfigTests.swift */,
				0AC1D96F173B399A4C90453A /* PieceGeneratorTests.swift */,
			);
			path = Model;
			sourceTree = "<group>";
		};
		FAE58C3CB520BCD97BBCEF7F /* BlockPopper */ = {
			isa = PBXGroup;
			children = (
				D87DA87E54FFBACD98BF2E7A /* Assets.xcassets */,
				FD8973E702747ED96BBFD762 /* Info.plist */,
				672DCC99B5C3C95A8765663F /* Ads */,
				49BB3853F3B3F6AF3AE6638D /* App */,
				571A2C7DBD46791D7B9745E1 /* Helpers */,
				45CA4E7163FEB437584EE920 /* Model */,
				96230F7B38D072FA0E6BE5F2 /* Scene */,
			);
			path = BlockPopper;
			sourceTree = "<group>";
		};
/* End PBXGroup section */

/* Begin PBXNativeTarget section */
		4E8ABEE4F53562E2885D1304 /* BlockPopperTests */ = {
			isa = PBXNativeTarget;
			buildConfigurationList = BEDD27F81BCA08017850381B /* Build configuration list for PBXNativeTarget "BlockPopperTests" */;
			buildPhases = (
				E5981E4C98DF7DDA239162ED /* Sources */,
			);
			buildRules = (
			);
			dependencies = (
				A6BC2B42E858AA099B9158E7 /* PBXTargetDependency */,
			);
			name = BlockPopperTests;
			packageProductDependencies = (
			);
			productName = BlockPopperTests;
			productReference = 420FFC4980670CAA955C177F /* BlockPopperTests.xctest */;
			productType = "com.apple.product-type.bundle.unit-test";
		};
		7F521073F211626A36CD9136 /* BlockPopper */ = {
			isa = PBXNativeTarget;
			buildConfigurationList = BCA6BFDFDBB1849C2DD919C1 /* Build configuration list for PBXNativeTarget "BlockPopper" */;
			buildPhases = (
				ADFA43C8835BB5071284560E /* Sources */,
				8B84B7B6759E8AB57FECDC73 /* Resources */,
			);
			buildRules = (
			);
			dependencies = (
			);
			name = BlockPopper;
			packageProductDependencies = (
			);
			productName = BlockPopper;
			productReference = 203958A1D5F295E819291A49 /* BlockPopper.app */;
			productType = "com.apple.product-type.application";
		};
/* End PBXNativeTarget section */

/* Begin PBXProject section */
		7F2CD4E443221495A97594F2 /* Project object */ = {
			isa = PBXProject;
			attributes = {
				BuildIndependentTargetsInParallel = YES;
				LastUpgradeCheck = 1600;
				TargetAttributes = {
				};
			};
			buildConfigurationList = 939BE42F63BCCB8DC0AE744A /* Build configuration list for PBXProject "BlockPopper" */;
			developmentRegion = en;
			hasScannedForEncodings = 0;
			knownRegions = (
				Base,
				en,
			);
			mainGroup = ABA4BFD690DC9531B1647F1D;
			minimizedProjectReferenceProxies = 1;
			preferredProjectObjectVersion = 77;
			productRefGroup = AF10C6ED59210608BBDFBD81 /* Products */;
			projectDirPath = "";
			projectRoot = "";
			targets = (
				7F521073F211626A36CD9136 /* BlockPopper */,
				4E8ABEE4F53562E2885D1304 /* BlockPopperTests */,
			);
		};
/* End PBXProject section */

/* Begin PBXResourcesBuildPhase section */
		8B84B7B6759E8AB57FECDC73 /* Resources */ = {
			isa = PBXResourcesBuildPhase;
			buildActionMask = 2147483647;
			files = (
				820B2AFD0B1EA773741A4256 /* Assets.xcassets in Resources */,
			);
			runOnlyForDeploymentPostprocessing = 0;
		};
/* End PBXResourcesBuildPhase section */

/* Begin PBXSourcesBuildPhase section */
		ADFA43C8835BB5071284560E /* Sources */ = {
			isa = PBXSourcesBuildPhase;
			buildActionMask = 2147483647;
			files = (
				1F18C33C3E23EEA4037EE362 /* AdManager.swift in Sources */,
				C5B4C2D552D15A1FC3102D5D /* AnimationFactory.swift in Sources */,
				A1DB9D6B48025186613E5488 /* AppDelegate.swift in Sources */,
				AAD02A9F937266BF919FE116 /* BlockPiece.swift in Sources */,
				784A5A75FD27E70ED4A04B1C /* BlockPieceNode.swift in Sources */,
				A2802ADA29D423A7BA933DD6 /* BlockStyle.swift in Sources */,
				0611C572EC566BEA264B7253 /* ColorPalette.swift in Sources */,
				679BE94919D0998003CEA6EC /* Constants.swift in Sources */,
				FBB96CACC4F7327D96059225 /* Extensions.swift in Sources */,
				23EEF9AF6A3107764D71B94C /* GameGrid+Rescue.swift in Sources */,
				BD4AE5F1B4EC8AFCF78CCFC4 /* GameGrid.swift in Sources */,
				85168297B8EEEC9108C4CCFF /* GameOverNode.swift in Sources */,
				ABE6EF202E1C8AC797855112 /* GameScene+ClearAnimation.swift in Sources */,
				04B239E1B5A4B1B1A0A4F9FE /* GameScene+Drag.swift in Sources */,
				A75A2CD09A3306D571E925CE /* GameScene.swift in Sources */,
				653418CEB417257953DAFC98 /* GameState+Testing.swift in Sources */,
				8B30C82224FCD6ACCE2E7D86 /* GameState.swift in Sources */,
				40A863EB4EF64C68FC4A3B97 /* GameViewController.swift in Sources */,
				EDD521AB8E11D5745E0C5784 /* GridNode.swift in Sources */,
				5FBC4E46EEFBDB1D8FF81DD1 /* HUDNode.swift in Sources */,
				308A7D7AC8EA4056FB5DC1FC /* LevelConfig.swift in Sources */,
				DBE3C76742A7D184FB79BE3B /* PieceGenerator.swift in Sources */,
				F22A939BD74191ED96D4856A /* SoundManager.swift in Sources */,
				228007F4F2B48C50684FF70A /* StuckOverlayNode.swift in Sources */,
				27118EDEFC84ABCBD0D5DA93 /* TrayNode.swift in Sources */,
			);
			runOnlyForDeploymentPostprocessing = 0;
		};
		E5981E4C98DF7DDA239162ED /* Sources */ = {
			isa = PBXSourcesBuildPhase;
			buildActionMask = 2147483647;
			files = (
				BC2999C788E14DB4DB27C299 /* BlockPieceTests.swift in Sources */,
				1148E1D68DF72EE96680D568 /* GameGridTests.swift in Sources */,
				A9064337A8F36B67DCD73334 /* GameStateTests.swift in Sources */,
				419BCC910AD9C89E30938343 /* LevelConfigTests.swift in Sources */,
				6E83C188795AA075900A0794 /* PieceGeneratorTests.swift in Sources */,
			);
			runOnlyForDeploymentPostprocessing = 0;
		};
/* End PBXSourcesBuildPhase section */

/* Begin PBXTargetDependency section */
		A6BC2B42E858AA099B9158E7 /* PBXTargetDependency */ = {
			isa = PBXTargetDependency;
			target = 7F521073F211626A36CD9136 /* BlockPopper */;
			targetProxy = F864B9FC07C06995815CE45A /* PBXContainerItemProxy */;
		};
/* End PBXTargetDependency section */

/* Begin XCBuildConfiguration section */
		127200F643C8B751F154BEBD /* Release */ = {
			isa = XCBuildConfiguration;
			buildSettings = {
				BUNDLE_LOADER = "$(TEST_HOST)";
				LD_RUNPATH_SEARCH_PATHS = (
					"$(inherited)",
					"@executable_path/Frameworks",
					"@loader_path/Frameworks",
				);
				PRODUCT_BUNDLE_IDENTIFIER = com.blockpopper.tests;
				SDKROOT = iphoneos;
				TARGETED_DEVICE_FAMILY = "1,2";
				TEST_HOST = "$(BUILT_PRODUCTS_DIR)/BlockPopper.app/BlockPopper";
			};
			name = Release;
		};
		27DB5B05621CF52281BA206E /* Release */ = {
			isa = XCBuildConfiguration;
			buildSettings = {
				ASSETCATALOG_COMPILER_APPICON_NAME = AppIcon;
				CODE_SIGN_IDENTITY = "iPhone Developer";
				INFOPLIST_FILE = BlockPopper/Info.plist;
				LD_RUNPATH_SEARCH_PATHS = (
					"$(inherited)",
					"@executable_path/Frameworks",
				);
				PRODUCT_BUNDLE_IDENTIFIER = com.blockpopper.app;
				SDKROOT = iphoneos;
				TARGETED_DEVICE_FAMILY = "1,2";
			};
			name = Release;
		};
		4C80FA38852731B73959CA9D /* Debug */ = {
			isa = XCBuildConfiguration;
			buildSettings = {
				ALWAYS_SEARCH_USER_PATHS = NO;
				CLANG_ANALYZER_NONNULL = YES;
				CLANG_ANALYZER_NUMBER_OBJECT_CONVERSION = YES_AGGRESSIVE;
				CLANG_CXX_LANGUAGE_STANDARD = "gnu++14";
				CLANG_CXX_LIBRARY = "libc++";
				CLANG_ENABLE_MODULES = YES;
				CLANG_ENABLE_OBJC_ARC = YES;
				CLANG_ENABLE_OBJC_WEAK = YES;
				CLANG_WARN_BLOCK_CAPTURE_AUTORELEASING = YES;
				CLANG_WARN_BOOL_CONVERSION = YES;
				CLANG_WARN_COMMA = YES;
				CLANG_WARN_CONSTANT_CONVERSION = YES;
				CLANG_WARN_DEPRECATED_OBJC_IMPLEMENTATIONS = YES;
				CLANG_WARN_DIRECT_OBJC_ISA_USAGE = YES_ERROR;
				CLANG_WARN_DOCUMENTATION_COMMENTS = YES;
				CLANG_WARN_EMPTY_BODY = YES;
				CLANG_WARN_ENUM_CONVERSION = YES;
				CLANG_WARN_INFINITE_RECURSION = YES;
				CLANG_WARN_INT_CONVERSION = YES;
				CLANG_WARN_NON_LITERAL_NULL_CONVERSION = YES;
				CLANG_WARN_OBJC_IMPLICIT_RETAIN_SELF = YES;
				CLANG_WARN_OBJC_LITERAL_CONVERSION = YES;
				CLANG_WARN_OBJC_ROOT_CLASS = YES_ERROR;
				CLANG_WARN_QUOTED_INCLUDE_IN_FRAMEWORK_HEADER = YES;
				CLANG_WARN_RANGE_LOOP_ANALYSIS = YES;
				CLANG_WARN_STRICT_PROTOTYPES = YES;
				CLANG_WARN_SUSPICIOUS_MOVE = YES;
				CLANG_WARN_UNGUARDED_AVAILABILITY = YES_AGGRESSIVE;
				CLANG_WARN_UNREACHABLE_CODE = YES;
				CLANG_WARN__DUPLICATE_METHOD_MATCH = YES;
				COPY_PHASE_STRIP = NO;
				DEBUG_INFORMATION_FORMAT = dwarf;
				ENABLE_STRICT_OBJC_MSGSEND = YES;
				ENABLE_TESTABILITY = YES;
				GCC_C_LANGUAGE_STANDARD = gnu11;
				GCC_DYNAMIC_NO_PIC = NO;
				GCC_NO_COMMON_BLOCKS = YES;
				GCC_OPTIMIZATION_LEVEL = 0;
				GCC_PREPROCESSOR_DEFINITIONS = (
					"$(inherited)",
					"DEBUG=1",
				);
				GCC_WARN_64_TO_32_BIT_CONVERSION = YES;
				GCC_WARN_ABOUT_RETURN_TYPE = YES_ERROR;
				GCC_WARN_UNDECLARED_SELECTOR = YES;
				GCC_WARN_UNINITIALIZED_AUTOS = YES_AGGRESSIVE;
				GCC_WARN_UNUSED_FUNCTION = YES;
				GCC_WARN_UNUSED_VARIABLE = YES;
				IPHONEOS_DEPLOYMENT_TARGET = 16.0;
				MTL_ENABLE_DEBUG_INFO = INCLUDE_SOURCE;
				MTL_FAST_MATH = YES;
				ONLY_ACTIVE_ARCH = YES;
				PRODUCT_NAME = "$(TARGET_NAME)";
				SDKROOT = iphoneos;
				SWIFT_ACTIVE_COMPILATION_CONDITIONS = DEBUG;
				SWIFT_OPTIMIZATION_LEVEL = "-Onone";
				SWIFT_VERSION = 5.9;
				TARGETED_DEVICE_FAMILY = "1,2";
			};
			name = Debug;
		};
		6E5D3852B66DAA63DF13B4A6 /* Release */ = {
			isa = XCBuildConfiguration;
			buildSettings = {
				ALWAYS_SEARCH_USER_PATHS = NO;
				CLANG_ANALYZER_NONNULL = YES;
				CLANG_ANALYZER_NUMBER_OBJECT_CONVERSION = YES_AGGRESSIVE;
				CLANG_CXX_LANGUAGE_STANDARD = "gnu++14";
				CLANG_CXX_LIBRARY = "libc++";
				CLANG_ENABLE_MODULES = YES;
				CLANG_ENABLE_OBJC_ARC = YES;
				CLANG_ENABLE_OBJC_WEAK = YES;
				CLANG_WARN_BLOCK_CAPTURE_AUTORELEASING = YES;
				CLANG_WARN_BOOL_CONVERSION = YES;
				CLANG_WARN_COMMA = YES;
				CLANG_WARN_CONSTANT_CONVERSION = YES;
				CLANG_WARN_DEPRECATED_OBJC_IMPLEMENTATIONS = YES;
				CLANG_WARN_DIRECT_OBJC_ISA_USAGE = YES_ERROR;
				CLANG_WARN_DOCUMENTATION_COMMENTS = YES;
				CLANG_WARN_EMPTY_BODY = YES;
				CLANG_WARN_ENUM_CONVERSION = YES;
				CLANG_WARN_INFINITE_RECURSION = YES;
				CLANG_WARN_INT_CONVERSION = YES;
				CLANG_WARN_NON_LITERAL_NULL_CONVERSION = YES;
				CLANG_WARN_OBJC_IMPLICIT_RETAIN_SELF = YES;
				CLANG_WARN_OBJC_LITERAL_CONVERSION = YES;
				CLANG_WARN_OBJC_ROOT_CLASS = YES_ERROR;
				CLANG_WARN_QUOTED_INCLUDE_IN_FRAMEWORK_HEADER = YES;
				CLANG_WARN_RANGE_LOOP_ANALYSIS = YES;
				CLANG_WARN_STRICT_PROTOTYPES = YES;
				CLANG_WARN_SUSPICIOUS_MOVE = YES;
				CLANG_WARN_UNGUARDED_AVAILABILITY = YES_AGGRESSIVE;
				CLANG_WARN_UNREACHABLE_CODE = YES;
				CLANG_WARN__DUPLICATE_METHOD_MATCH = YES;
				COPY_PHASE_STRIP = NO;
				DEBUG_INFORMATION_FORMAT = "dwarf-with-dsym";
				ENABLE_NS_ASSERTIONS = NO;
				ENABLE_STRICT_OBJC_MSGSEND = YES;
				GCC_C_LANGUAGE_STANDARD = gnu11;
				GCC_NO_COMMON_BLOCKS = YES;
				GCC_WARN_64_TO_32_BIT_CONVERSION = YES;
				GCC_WARN_ABOUT_RETURN_TYPE = YES_ERROR;
				GCC_WARN_UNDECLARED_SELECTOR = YES;
				GCC_WARN_UNINITIALIZED_AUTOS = YES_AGGRESSIVE;
				GCC_WARN_UNUSED_FUNCTION = YES;
				GCC_WARN_UNUSED_VARIABLE = YES;
				IPHONEOS_DEPLOYMENT_TARGET = 16.0;
				MTL_ENABLE_DEBUG_INFO = NO;
				MTL_FAST_MATH = YES;
				PRODUCT_NAME = "$(TARGET_NAME)";
				SDKROOT = iphoneos;
				SWIFT_COMPILATION_MODE = wholemodule;
				SWIFT_OPTIMIZATION_LEVEL = "-O";
				SWIFT_VERSION = 5.9;
				TARGETED_DEVICE_FAMILY = "1,2";
			};
			name = Release;
		};
		92F520206473A3EDF916A19A /* Debug */ = {
			isa = XCBuildConfiguration;
			buildSettings = {
				ASSETCATALOG_COMPILER_APPICON_NAME = AppIcon;
				CODE_SIGN_IDENTITY = "iPhone Developer";
				INFOPLIST_FILE = BlockPopper/Info.plist;
				LD_RUNPATH_SEARCH_PATHS = (
					"$(inherited)",
					"@executable_path/Frameworks",
				);
				PRODUCT_BUNDLE_IDENTIFIER = com.blockpopper.app;
				SDKROOT = iphoneos;
				TARGETED_DEVICE_FAMILY = "1,2";
			};
			name = Debug;
		};
		CB6F7F48F7E74684CC1CCAC8 /* Debug */ = {
			isa = XCBuildConfiguration;
			buildSettings = {
				BUNDLE_LOADER = "$(TEST_HOST)";
				LD_RUNPATH_SEARCH_PATHS = (
					"$(inherited)",
					"@executable_path/Frameworks",
					"@loader_path/Frameworks",
				);
				PRODUCT_BUNDLE_IDENTIFIER = com.blockpopper.tests;
				SDKROOT = iphoneos;
				TARGETED_DEVICE_FAMILY = "1,2";
				TEST_HOST = "$(BUILT_PRODUCTS_DIR)/BlockPopper.app/BlockPopper";
			};
			name = Debug;
		};
/* End XCBuildConfiguration section */

/* Begin XCConfigurationList section */
		939BE42F63BCCB8DC0AE744A /* Build configuration list for PBXProject "BlockPopper" */ = {
			isa = XCConfigurationList;
			buildConfigurations = (
				4C80FA38852731B73959CA9D /* Debug */,
				6E5D3852B66DAA63DF13B4A6 /* Release */,
			);
			defaultConfigurationIsVisible = 0;
			defaultConfigurationName = Debug;
		};
		BCA6BFDFDBB1849C2DD919C1 /* Build configuration list for PBXNativeTarget "BlockPopper" */ = {
			isa = XCConfigurationList;
			buildConfigurations = (
				92F520206473A3EDF916A19A /* Debug */,
				27DB5B05621CF52281BA206E /* Release */,
			);
			defaultConfigurationIsVisible = 0;
			defaultConfigurationName = Debug;
		};
		BEDD27F81BCA08017850381B /* Build configuration list for PBXNativeTarget "BlockPopperTests" */ = {
			isa = XCConfigurationList;
			buildConfigurations = (
				CB6F7F48F7E74684CC1CCAC8 /* Debug */,
				127200F643C8B751F154BEBD /* Release */,
			);
			defaultConfigurationIsVisible = 0;
			defaultConfigurationName = Debug;
		};
/* End XCConfigurationList section */
	};
	rootObject = 7F2CD4E443221495A97594F2 /* Project object */;
}
